
Microsoft Visual Studio Solution File, Format Version 12.00
# Visual Studio Version 17
VisualStudioVersion = 17.5.33530.505
MinimumVisualStudioVersion = 10.0.40219.1
Project("{FAE04EC0-301F-11D3-BF4B-00C04F79EFBC}") = "PusulaETicaret.Web", "PusulaETicaret.Web\PusulaETicaret.Web.csproj", "{D51D69B5-7565-48E6-9D95-3CDE3AB98406}"
EndProject
Global
	GlobalSection(SolutionConfigurationPlatforms) = preSolution
		Debug|Any CPU = Debug|Any CPU
		Release|Any CPU = Release|Any CPU
	EndGlobalSection
	GlobalSection(ProjectConfigurationPlatforms) = postSolution
		{D51D69B5-7565-48E6-9D95-3CDE3AB98406}.Debug|Any CPU.ActiveCfg = Debug|Any CPU
		{D51D69B5-7565-48E6-9D95-3CDE3AB98406}.Debug|Any CPU.Build.0 = Debug|Any CPU
		{D51D69B5-7565-48E6-9D95-3CDE3AB98406}.Release|Any CPU.ActiveCfg = Release|Any CPU
		{D51D69B5-7565-48E6-9D95-3CDE3AB98406}.Release|Any CPU.Build.0 = Release|Any CPU
	EndGlobalSection
	GlobalSection(SolutionProperties) = preSolution
		HideSolutionNode = FALSE
	EndGlobalSection
	GlobalSection(ExtensibilityGlobals) = postSolution
		SolutionGuid = {BEACF5AA-446D-4B8D-8ADC-41DA7ABAB936}
	EndGlobalSection
EndGlobal
